
Microsoft Visual Studio Solution File, Format Version 12.00
# Visual Studio Version 16
VisualStudioVersion = 16.0.28803.156
MinimumVisualStudioVersion = 10.0.40219.1
Project("{FAE04EC0-301F-11D3-BF4B-00C04F79EFBC}") = "BytePressDecompressor", "BytePressDecompressor\BytePressDecompressor.csproj", "{6333BAD5-0131-475D-A7E2-D7A62B6B0E6B}"
EndProject
Global
	GlobalSection(SolutionConfigurationPlatforms) = preSolution
		Debug|Any CPU = Debug|Any CPU
		Release|Any CPU = Release|Any CPU
	EndGlobalSection
	GlobalSection(ProjectConfigurationPlatforms) = postSolution
		{6333BAD5-0131-475D-A7E2-D7A62B6B0E6B}.Debug|Any CPU.ActiveCfg = Debug|Any CPU
		{6333BAD5-0131-475D-A7E2-D7A62B6B0E6B}.Debug|Any CPU.Build.0 = Debug|Any CPU
		{6333BAD5-0131-475D-A7E2-D7A62B6B0E6B}.Release|Any CPU.ActiveCfg = Release|Any CPU
		{6333BAD5-0131-475D-A7E2-D7A62B6B0E6B}.Release|Any CPU.Build.0 = Release|Any CPU
	EndGlobalSection
	GlobalSection(SolutionProperties) = preSolution
		HideSolutionNode = FALSE
	EndGlobalSection
	GlobalSection(ExtensibilityGlobals) = postSolution
		SolutionGuid = {C207A2E9-F409-44D5-963D-2907990244BF}
	EndGlobalSection
EndGlobal
